
Microsoft Visual Studio Solution File, Format Version 12.00
Project("{FAE04EC0-301F-11D3-BF4B-00C04F79EFBC}") = "VillagerBot", "VillagerBot\VillagerBot.csproj", "{D8CF1B31-4ACC-4A82-80E6-6C4025214408}"
EndProject
Global
	GlobalSection(SolutionConfigurationPlatforms) = preSolution
		Debug|Any CPU = Debug|Any CPU
		Release|Any CPU = Release|Any CPU
	EndGlobalSection
	GlobalSection(ProjectConfigurationPlatforms) = postSolution
		{D8CF1B31-4ACC-4A82-80E6-6C4025214408}.Debug|Any CPU.ActiveCfg = Debug|Any CPU
		{D8CF1B31-4ACC-4A82-80E6-6C4025214408}.Debug|Any CPU.Build.0 = Debug|Any CPU
		{D8CF1B31-4ACC-4A82-80E6-6C4025214408}.Release|Any CPU.ActiveCfg = Release|Any CPU
		{D8CF1B31-4ACC-4A82-80E6-6C4025214408}.Release|Any CPU.Build.0 = Release|Any CPU
	EndGlobalSection
EndGlobal
